github.com/9ssi7/txn v1.0.2 h1:PjVRu8RBpIlfJjDFXZfq7HwIY44B7xBRTaPoRF1Vvfo=
github.com/9ssi7/txn v1.0.2/go.mod h1:2c+CkwFU49XlJeNkamRBp0HQhsLDpXt+/kvaPJkgQ10=
github.com/google/uuid v1.6.0 h1:NIvaJDMOsjHA8n1jAhLSgzrAzy1Hgr+hNrb57e+94F0=
github.com/google/uuid v1.6.0/go.mod h1:TIyPZe4MgqvfeYDBFedMoGGpEw/LqOeaOT+nhxU+yHo=
github.com/shopspring/decimal v1.4.0 h1:bxl37RwXBklmTi0C79JfXCEBD1cqqHt0bbgBAGFp81k=
github.com/shopspring/decimal v1.4.0/go.mod h1:gawqmDU56v4yIKSwfBSFip1HdCCXN8/+DMd9qYNcwME=
